
Microsoft Visual Studio Solution File, Format Version 12.00
# Visual Studio Version 16
VisualStudioVersion = 16.0.30621.155
MinimumVisualStudioVersion = 10.0.40219.1
Project("{FAE04EC0-301F-11D3-BF4B-00C04F79EFBC}") = "Part 1 - ASP", "Part 1 - ASP\Part 1 - ASP.csproj", "{C17A7F65-D21F-4AC6-A3C9-C3C3A35D36BB}"
EndProject
Global
	GlobalSection(SolutionConfigurationPlatforms) = preSolution
		Debug|Any CPU = Debug|Any CPU
		Release|Any CPU = Release|Any CPU
	EndGlobalSection
	GlobalSection(ProjectConfigurationPlatforms) = postSolution
		{C17A7F65-D21F-4AC6-A3C9-C3C3A35D36BB}.Debug|Any CPU.ActiveCfg = Debug|Any CPU
		{C17A7F65-D21F-4AC6-A3C9-C3C3A35D36BB}.Debug|Any CPU.Build.0 = Debug|Any CPU
		{C17A7F65-D21F-4AC6-A3C9-C3C3A35D36BB}.Release|Any CPU.ActiveCfg = Release|Any CPU
		{C17A7F65-D21F-4AC6-A3C9-C3C3A35D36BB}.Release|Any CPU.Build.0 = Release|Any CPU
	EndGlobalSection
	GlobalSection(SolutionProperties) = preSolution
		HideSolutionNode = FALSE
	EndGlobalSection
	GlobalSection(ExtensibilityGlobals) = postSolution
		SolutionGuid = {829DF595-CBE3-4F29-AB1C-72560820F00F}
	EndGlobalSection
EndGlobal
