
Microsoft Visual Studio Solution File, Format Version 12.00
# Visual Studio Version 16
VisualStudioVersion = 16.0.30413.136
MinimumVisualStudioVersion = 10.0.40219.1
Project("{9A19103F-16F7-4668-BE54-9A1E7A4F7556}") = "Homework7Project1", "Homework7Project1\Homework7Project1.csproj", "{FE9083F0-7CE0-4D3D-8B34-44E0EF418F3F}"
EndProject
Project("{FAE04EC0-301F-11D3-BF4B-00C04F79EFBC}") = "Homework7Project2", "Homework7Project2\Homework7Project2.csproj", "{1B37C28C-8520-43BA-A29B-7738699A3F87}"
EndProject
Global
	GlobalSection(SolutionConfigurationPlatforms) = preSolution
		Debug|Any CPU = Debug|Any CPU
		Release|Any CPU = Release|Any CPU
	EndGlobalSection
	GlobalSection(ProjectConfigurationPlatforms) = postSolution
		{FE9083F0-7CE0-4D3D-8B34-44E0EF418F3F}.Debug|Any CPU.ActiveCfg = Debug|Any CPU
		{FE9083F0-7CE0-4D3D-8B34-44E0EF418F3F}.Debug|Any CPU.Build.0 = Debug|Any CPU
		{FE9083F0-7CE0-4D3D-8B34-44E0EF418F3F}.Release|Any CPU.ActiveCfg = Release|Any CPU
		{FE9083F0-7CE0-4D3D-8B34-44E0EF418F3F}.Release|Any CPU.Build.0 = Release|Any CPU
		{1B37C28C-8520-43BA-A29B-7738699A3F87}.Debug|Any CPU.ActiveCfg = Debug|Any CPU
		{1B37C28C-8520-43BA-A29B-7738699A3F87}.Debug|Any CPU.Build.0 = Debug|Any CPU
		{1B37C28C-8520-43BA-A29B-7738699A3F87}.Release|Any CPU.ActiveCfg = Release|Any CPU
		{1B37C28C-8520-43BA-A29B-7738699A3F87}.Release|Any CPU.Build.0 = Release|Any CPU
	EndGlobalSection
	GlobalSection(SolutionProperties) = preSolution
		HideSolutionNode = FALSE
	EndGlobalSection
	GlobalSection(ExtensibilityGlobals) = postSolution
		SolutionGuid = {5ADA5316-382F-4322-BC6C-2A217C798215}
	EndGlobalSection
EndGlobal
