
Microsoft Visual Studio Solution File, Format Version 12.00
# Visual Studio Version 16
VisualStudioVersion = 16.0.30413.136
MinimumVisualStudioVersion = 10.0.40219.1
Project("{FAE04EC0-301F-11D3-BF4B-00C04F79EFBC}") = "Lab 1 (GUI Lab)", "Lab 1 (GUI Lab)\Lab 1 (GUI Lab).csproj", "{F7EA2B5E-5F61-4194-85F9-B7045C2B63A6}"
EndProject
Project("{FAE04EC0-301F-11D3-BF4B-00C04F79EFBC}") = "Lab 2 (Lamp Chart)", "Lab 2 (Lamp Chart)\Lab 2 (Lamp Chart).csproj", "{22FC25E3-5C85-40D9-888B-D21DA2F3AE9B}"
EndProject
Global
	GlobalSection(SolutionConfigurationPlatforms) = preSolution
		Debug|Any CPU = Debug|Any CPU
		Release|Any CPU = Release|Any CPU
	EndGlobalSection
	GlobalSection(ProjectConfigurationPlatforms) = postSolution
		{F7EA2B5E-5F61-4194-85F9-B7045C2B63A6}.Debug|Any CPU.ActiveCfg = Debug|Any CPU
		{F7EA2B5E-5F61-4194-85F9-B7045C2B63A6}.Debug|Any CPU.Build.0 = Debug|Any CPU
		{F7EA2B5E-5F61-4194-85F9-B7045C2B63A6}.Release|Any CPU.ActiveCfg = Release|Any CPU
		{F7EA2B5E-5F61-4194-85F9-B7045C2B63A6}.Release|Any CPU.Build.0 = Release|Any CPU
		{22FC25E3-5C85-40D9-888B-D21DA2F3AE9B}.Debug|Any CPU.ActiveCfg = Debug|Any CPU
		{22FC25E3-5C85-40D9-888B-D21DA2F3AE9B}.Debug|Any CPU.Build.0 = Debug|Any CPU
		{22FC25E3-5C85-40D9-888B-D21DA2F3AE9B}.Release|Any CPU.ActiveCfg = Release|Any CPU
		{22FC25E3-5C85-40D9-888B-D21DA2F3AE9B}.Release|Any CPU.Build.0 = Release|Any CPU
	EndGlobalSection
	GlobalSection(SolutionProperties) = preSolution
		HideSolutionNode = FALSE
	EndGlobalSection
	GlobalSection(ExtensibilityGlobals) = postSolution
		SolutionGuid = {262B4890-90B4-4B3D-997F-7707E51C1C29}
	EndGlobalSection
EndGlobal
