
Microsoft Visual Studio Solution File, Format Version 12.00
# Visual Studio Version 16
VisualStudioVersion = 16.0.30413.136
MinimumVisualStudioVersion = 10.0.40219.1
Project("{9A19103F-16F7-4668-BE54-9A1E7A4F7556}") = "Lab2", "Homework2Lab2\Lab2.csproj", "{04F4BAA8-CE92-4223-8A1D-109A865FB9C1}"
EndProject
Project("{FAE04EC0-301F-11D3-BF4B-00C04F79EFBC}") = "Lab1", "Lab1\Lab1.csproj", "{24F97733-B148-4462-8F3E-5BE8464DC81F}"
EndProject
Global
	GlobalSection(SolutionConfigurationPlatforms) = preSolution
		Debug|Any CPU = Debug|Any CPU
		Release|Any CPU = Release|Any CPU
	EndGlobalSection
	GlobalSection(ProjectConfigurationPlatforms) = postSolution
		{04F4BAA8-CE92-4223-8A1D-109A865FB9C1}.Debug|Any CPU.ActiveCfg = Debug|Any CPU
		{04F4BAA8-CE92-4223-8A1D-109A865FB9C1}.Debug|Any CPU.Build.0 = Debug|Any CPU
		{04F4BAA8-CE92-4223-8A1D-109A865FB9C1}.Release|Any CPU.ActiveCfg = Release|Any CPU
		{04F4BAA8-CE92-4223-8A1D-109A865FB9C1}.Release|Any CPU.Build.0 = Release|Any CPU
		{24F97733-B148-4462-8F3E-5BE8464DC81F}.Debug|Any CPU.ActiveCfg = Debug|Any CPU
		{24F97733-B148-4462-8F3E-5BE8464DC81F}.Debug|Any CPU.Build.0 = Debug|Any CPU
		{24F97733-B148-4462-8F3E-5BE8464DC81F}.Release|Any CPU.ActiveCfg = Release|Any CPU
		{24F97733-B148-4462-8F3E-5BE8464DC81F}.Release|Any CPU.Build.0 = Release|Any CPU
	EndGlobalSection
	GlobalSection(SolutionProperties) = preSolution
		HideSolutionNode = FALSE
	EndGlobalSection
	GlobalSection(ExtensibilityGlobals) = postSolution
		SolutionGuid = {A3CD7347-12B8-48DE-B0B5-EB95E9D27A7A}
	EndGlobalSection
EndGlobal
