
Microsoft Visual Studio Solution File, Format Version 12.00
# Visual Studio Version 16
VisualStudioVersion = 16.0.30413.136
MinimumVisualStudioVersion = 10.0.40219.1
Project("{9A19103F-16F7-4668-BE54-9A1E7A4F7556}") = "Part 1", "Part 1\Part 1.csproj", "{35C3B36A-74AC-44DE-A96E-1D78FEDB6412}"
EndProject
Project("{FAE04EC0-301F-11D3-BF4B-00C04F79EFBC}") = "Part 2", "Part 2\Part 2.csproj", "{C3C950D6-C9C7-4122-98AB-7A05B8A1A4B6}"
EndProject
Global
	GlobalSection(SolutionConfigurationPlatforms) = preSolution
		Debug|Any CPU = Debug|Any CPU
		Release|Any CPU = Release|Any CPU
	EndGlobalSection
	GlobalSection(ProjectConfigurationPlatforms) = postSolution
		{35C3B36A-74AC-44DE-A96E-1D78FEDB6412}.Debug|Any CPU.ActiveCfg = Debug|Any CPU
		{35C3B36A-74AC-44DE-A96E-1D78FEDB6412}.Debug|Any CPU.Build.0 = Debug|Any CPU
		{35C3B36A-74AC-44DE-A96E-1D78FEDB6412}.Release|Any CPU.ActiveCfg = Release|Any CPU
		{35C3B36A-74AC-44DE-A96E-1D78FEDB6412}.Release|Any CPU.Build.0 = Release|Any CPU
		{C3C950D6-C9C7-4122-98AB-7A05B8A1A4B6}.Debug|Any CPU.ActiveCfg = Debug|Any CPU
		{C3C950D6-C9C7-4122-98AB-7A05B8A1A4B6}.Debug|Any CPU.Build.0 = Debug|Any CPU
		{C3C950D6-C9C7-4122-98AB-7A05B8A1A4B6}.Release|Any CPU.ActiveCfg = Release|Any CPU
		{C3C950D6-C9C7-4122-98AB-7A05B8A1A4B6}.Release|Any CPU.Build.0 = Release|Any CPU
	EndGlobalSection
	GlobalSection(SolutionProperties) = preSolution
		HideSolutionNode = FALSE
	EndGlobalSection
	GlobalSection(ExtensibilityGlobals) = postSolution
		SolutionGuid = {B099EE04-2658-4A55-90A9-9EC3FB007B10}
	EndGlobalSection
EndGlobal
