
Microsoft Visual Studio Solution File, Format Version 12.00
# Visual Studio Version 16
VisualStudioVersion = 16.0.30413.136
MinimumVisualStudioVersion = 10.0.40219.1
Project("{FAE04EC0-301F-11D3-BF4B-00C04F79EFBC}") = "Lecture6Lab1", "Lecture6Lab1\Lecture6Lab1.csproj", "{A66465A6-008F-44A7-92A2-5F8DA488EB6D}"
EndProject
Project("{FAE04EC0-301F-11D3-BF4B-00C04F79EFBC}") = "Lecture6Lab2", "Lecture6Lab2\Lecture6Lab2.csproj", "{D60FF335-E84C-4F94-8288-0750758817F2}"
EndProject
Global
	GlobalSection(SolutionConfigurationPlatforms) = preSolution
		Debug|Any CPU = Debug|Any CPU
		Release|Any CPU = Release|Any CPU
	EndGlobalSection
	GlobalSection(ProjectConfigurationPlatforms) = postSolution
		{A66465A6-008F-44A7-92A2-5F8DA488EB6D}.Debug|Any CPU.ActiveCfg = Debug|Any CPU
		{A66465A6-008F-44A7-92A2-5F8DA488EB6D}.Debug|Any CPU.Build.0 = Debug|Any CPU
		{A66465A6-008F-44A7-92A2-5F8DA488EB6D}.Release|Any CPU.ActiveCfg = Release|Any CPU
		{A66465A6-008F-44A7-92A2-5F8DA488EB6D}.Release|Any CPU.Build.0 = Release|Any CPU
		{D60FF335-E84C-4F94-8288-0750758817F2}.Debug|Any CPU.ActiveCfg = Debug|Any CPU
		{D60FF335-E84C-4F94-8288-0750758817F2}.Debug|Any CPU.Build.0 = Debug|Any CPU
		{D60FF335-E84C-4F94-8288-0750758817F2}.Release|Any CPU.ActiveCfg = Release|Any CPU
		{D60FF335-E84C-4F94-8288-0750758817F2}.Release|Any CPU.Build.0 = Release|Any CPU
	EndGlobalSection
	GlobalSection(SolutionProperties) = preSolution
		HideSolutionNode = FALSE
	EndGlobalSection
	GlobalSection(ExtensibilityGlobals) = postSolution
		SolutionGuid = {FFACD190-6599-4187-9194-3F3BBFEA0330}
	EndGlobalSection
EndGlobal
