
Microsoft Visual Studio Solution File, Format Version 12.00
# Visual Studio Version 16
VisualStudioVersion = 16.0.30413.136
MinimumVisualStudioVersion = 10.0.40219.1
Project("{9A19103F-16F7-4668-BE54-9A1E7A4F7556}") = "Part 2", "Part 2\Part 2.csproj", "{29143607-5111-4359-BC67-0630686292FD}"
EndProject
Global
	GlobalSection(SolutionConfigurationPlatforms) = preSolution
		Debug|Any CPU = Debug|Any CPU
		Release|Any CPU = Release|Any CPU
	EndGlobalSection
	GlobalSection(ProjectConfigurationPlatforms) = postSolution
		{29143607-5111-4359-BC67-0630686292FD}.Debug|Any CPU.ActiveCfg = Debug|Any CPU
		{29143607-5111-4359-BC67-0630686292FD}.Debug|Any CPU.Build.0 = Debug|Any CPU
		{29143607-5111-4359-BC67-0630686292FD}.Release|Any CPU.ActiveCfg = Release|Any CPU
		{29143607-5111-4359-BC67-0630686292FD}.Release|Any CPU.Build.0 = Release|Any CPU
	EndGlobalSection
	GlobalSection(SolutionProperties) = preSolution
		HideSolutionNode = FALSE
	EndGlobalSection
	GlobalSection(ExtensibilityGlobals) = postSolution
		SolutionGuid = {1EB42DD5-F44B-4D58-9B43-4981ACE4B088}
	EndGlobalSection
EndGlobal
